// !$*UTF8*$!
{
	archiveVersion = 1;
	classes = {
	};
	objectVersion = 56;
	objects = {

/* Begin PBXBuildFile section */
		6235CF4929638BEC00E9F482 /* AsyncAlgorithms in Frameworks */ = {isa = PBXBuildFile; productRef = 6235CF4829638BEC00E9F482 /* AsyncAlgorithms */; };
		62677A0C295F7A6000F29E93 /* Entry.swift in Sources */ = {isa = PBXBuildFile; fileRef = 62677A0B295F7A6000F29E93 /* Entry.swift */; };
		62677A0E295F7A9B00F29E93 /* EntryPair.swift in Sources */ = {isa = PBXBuildFile; fileRef = 62677A0D295F7A9B00F29E93 /* EntryPair.swift */; };
		62677A10295F7BB800F29E93 /* EntryController.swift in Sources */ = {isa = PBXBuildFile; fileRef = 62677A0F295F7BB800F29E93 /* EntryController.swift */; };
		62677A12295F7D4300F29E93 /* AutoEntryVendor.swift in Sources */ = {isa = PBXBuildFile; fileRef = 62677A11295F7D4200F29E93 /* AutoEntryVendor.swift */; };
		62677A14295F7FEB00F29E93 /* EntryGrid.swift in Sources */ = {isa = PBXBuildFile; fileRef = 62677A13295F7FEB00F29E93 /* EntryGrid.swift */; };
		62677A16295F85F800F29E93 /* EntryPairGrid.swift in Sources */ = {isa = PBXBuildFile; fileRef = 62677A15295F85F800F29E93 /* EntryPairGrid.swift */; };
		62BC8EC8295F790300849207 /* SmoreNmoreApp.swift in Sources */ = {isa = PBXBuildFile; fileRef = 62BC8EC7295F790300849207 /* SmoreNmoreApp.swift */; };
		62BC8ECA295F790300849207 /* MainView.swift in Sources */ = {isa = PBXBuildFile; fileRef = 62BC8EC9295F790300849207 /* MainView.swift */; };
		62BC8ECC295F790400849207 /* Assets.xcassets in Resources */ = {isa = PBXBuildFile; fileRef = 62BC8ECB295F790400849207 /* Assets.xcassets */; };
		62BC8ECF295F790400849207 /* Preview Assets.xcassets in Resources */ = {isa = PBXBuildFile; fileRef = 62BC8ECE295F790400849207 /* Preview Assets.xcassets */; };
/* End PBXBuildFile section */

/* Begin PBXFileReference section */
		62677A0B295F7A6000F29E93 /* Entry.swift */ = {isa = PBXFileReference; lastKnownFileType = sourcecode.swift; path = Entry.swift; sourceTree = "<group>"; };
		62677A0D295F7A9B00F29E93 /* EntryPair.swift */ = {isa = PBXFileReference; lastKnownFileType = sourcecode.swift; path = EntryPair.swift; sourceTree = "<group>"; };
		62677A0F295F7BB800F29E93 /* EntryController.swift */ = {isa = PBXFileReference; lastKnownFileType = sourcecode.swift; path = EntryController.swift; sourceTree = "<group>"; };
		62677A11295F7D4200F29E93 /* AutoEntryVendor.swift */ = {isa = PBXFileReference; lastKnownFileType = sourcecode.swift; path = AutoEntryVendor.swift; sourceTree = "<group>"; };
		62677A13295F7FEB00F29E93 /* EntryGrid.swift */ = {isa = PBXFileReference; lastKnownFileType = sourcecode.swift; path = EntryGrid.swift; sourceTree = "<group>"; };
		62677A15295F85F800F29E93 /* EntryPairGrid.swift */ = {isa = PBXFileReference; lastKnownFileType = sourcecode.swift; path = EntryPairGrid.swift; sourceTree = "<group>"; };
		62BC8EC4295F790300849207 /* SmoreNmore.app */ = {isa = PBXFileReference; explicitFileType = wrapper.application; includeInIndex = 0; path = SmoreNmore.app; sourceTree = BUILT_PRODUCTS_DIR; };
		62BC8EC7295F790300849207 /* SmoreNmoreApp.swift */ = {isa = PBXFileReference; lastKnownFileType = sourcecode.swift; path = SmoreNmoreApp.swift; sourceTree = "<group>"; };
		62BC8EC9295F790300849207 /* MainView.swift */ = {isa = PBXFileReference; lastKnownFileType = sourcecode.swift; path = MainView.swift; sourceTree = "<group>"; };
		62BC8ECB295F790400849207 /* Assets.xcassets */ = {isa = PBXFileReference; lastKnownFileType = folder.assetcatalog; path = Assets.xcassets; sourceTree = "<group>"; };
		62BC8ECE295F790400849207 /* Preview Assets.xcassets */ = {isa = PBXFileReference; lastKnownFileType = folder.assetcatalog; path = "Preview Assets.xcassets"; sourceTree = "<group>"; };
/* End PBXFileReference section */

/* Begin PBXFrameworksBuildPhase section */
		62BC8EC1295F790300849207 /* Frameworks */ = {
			isa = PBXFrameworksBuildPhase;
			buildActionMask = 2147483647;
			files = (
				6235CF4929638BEC00E9F482 /* AsyncAlgorithms in Frameworks */,
			);
			runOnlyForDeploymentPostprocessing = 0;
		};
/* End PBXFrameworksBuildPhase section */

/* Begin PBXGroup section */
		62BC8EBB295F790300849207 = {
			isa = PBXGroup;
			children = (
				62BC8EC6295F790300849207 /* SmoreNmore */,
				62BC8EC5295F790300849207 /* Products */,
			);
			sourceTree = "<group>";
		};
		62BC8EC5295F790300849207 /* Products */ = {
			isa = PBXGroup;
			children = (
				62BC8EC4295F790300849207 /* SmoreNmore.app */,
			);
			name = Products;
			sourceTree = "<group>";
		};
		62BC8EC6295F790300849207 /* SmoreNmore */ = {
			isa = PBXGroup;
			children = (
				62BC8ED8295F792B00849207 /* Launch */,
				62BC8ED7295F792300849207 /* Model */,
				62BC8ED6295F791C00849207 /* Views */,
				62BC8ED5295F790A00849207 /* Controllers */,
			);
			path = SmoreNmore;
			sourceTree = "<group>";
		};
		62BC8ECD295F790400849207 /* Preview Content */ = {
			isa = PBXGroup;
			children = (
				62BC8ECE295F790400849207 /* Preview Assets.xcassets */,
			);
			path = "Preview Content";
			sourceTree = "<group>";
		};
		62BC8ED5295F790A00849207 /* Controllers */ = {
			isa = PBXGroup;
			children = (
				62677A0F295F7BB800F29E93 /* EntryController.swift */,
				62677A11295F7D4200F29E93 /* AutoEntryVendor.swift */,
			);
			path = Controllers;
			sourceTree = "<group>";
		};
		62BC8ED6295F791C00849207 /* Views */ = {
			isa = PBXGroup;
			children = (
				62BC8EC9295F790300849207 /* MainView.swift */,
				62677A13295F7FEB00F29E93 /* EntryGrid.swift */,
				62677A15295F85F800F29E93 /* EntryPairGrid.swift */,
			);
			path = Views;
			sourceTree = "<group>";
		};
		62BC8ED7295F792300849207 /* Model */ = {
			isa = PBXGroup;
			children = (
				62677A0B295F7A6000F29E93 /* Entry.swift */,
				62677A0D295F7A9B00F29E93 /* EntryPair.swift */,
			);
			path = Model;
			sourceTree = "<group>";
		};
		62BC8ED8295F792B00849207 /* Launch */ = {
			isa = PBXGroup;
			children = (
				62BC8EC7295F790300849207 /* SmoreNmoreApp.swift */,
				62BC8ECB295F790400849207 /* Assets.xcassets */,
				62BC8ECD295F790400849207 /* Preview Content */,
			);
			path = Launch;
			sourceTree = "<group>";
		};
/* End PBXGroup section */

/* Begin PBXNativeTarget section */
		62BC8EC3295F790300849207 /* SmoreNmore */ = {
			isa = PBXNativeTarget;
			buildConfigurationList = 62BC8ED2295F790400849207 /* Build configuration list for PBXNativeTarget "SmoreNmore" */;
			buildPhases = (
				62BC8EC0295F790300849207 /* Sources */,
				62BC8EC1295F790300849207 /* Frameworks */,
				62BC8EC2295F790300849207 /* Resources */,
			);
			buildRules = (
			);
			dependencies = (
			);
			name = SmoreNmore;
			packageProductDependencies = (
				6235CF4829638BEC00E9F482 /* AsyncAlgorithms */,
			);
			productName = SmoreNmore;
			productReference = 62BC8EC4295F790300849207 /* SmoreNmore.app */;
			productType = "com.apple.product-type.application";
		};
/* End PBXNativeTarget section */

/* Begin PBXProject section */
		62BC8EBC295F790300849207 /* Project object */ = {
			isa = PBXProject;
			attributes = {
				BuildIndependentTargetsInParallel = 1;
				LastSwiftUpdateCheck = 1420;
				LastUpgradeCheck = 1420;
				TargetAttributes = {
					62BC8EC3295F790300849207 = {
						CreatedOnToolsVersion = 14.2;
					};
				};
			};
			buildConfigurationList = 62BC8EBF295F790300849207 /* Build configuration list for PBXProject "SmoreNmore" */;
			compatibilityVersion = "Xcode 14.0";
			developmentRegion = en;
			hasScannedForEncodings = 0;
			knownRegions = (
				en,
				Base,
			);
			mainGroup = 62BC8EBB295F790300849207;
			packageReferences = (
				6235CF4729638BEC00E9F482 /* XCRemoteSwiftPackageReference "swift-async-algorithms" */,
			);
			productRefGroup = 62BC8EC5295F790300849207 /* Products */;
			projectDirPath = "";
			projectRoot = "";
			targets = (
				62BC8EC3295F790300849207 /* SmoreNmore */,
			);
		};
/* End PBXProject section */

/* Begin PBXResourcesBuildPhase section */
		62BC8EC2295F790300849207 /* Resources */ = {
			isa = PBXResourcesBuildPhase;
			buildActionMask = 2147483647;
			files = (
				62BC8ECF295F790400849207 /* Preview Assets.xcassets in Resources */,
				62BC8ECC295F790400849207 /* Assets.xcassets in Resources */,
			);
			runOnlyForDeploymentPostprocessing = 0;
		};
/* End PBXResourcesBuildPhase section */

/* Begin PBXSourcesBuildPhase section */
		62BC8EC0295F790300849207 /* Sources */ = {
			isa = PBXSourcesBuildPhase;
			buildActionMask = 2147483647;
			files = (
				62677A0E295F7A9B00F29E93 /* EntryPair.swift in Sources */,
				62677A12295F7D4300F29E93 /* AutoEntryVendor.swift in Sources */,
				62677A16295F85F800F29E93 /* EntryPairGrid.swift in Sources */,
				62677A0C295F7A6000F29E93 /* Entry.swift in Sources */,
				62677A14295F7FEB00F29E93 /* EntryGrid.swift in Sources */,
				62677A10295F7BB800F29E93 /* EntryController.swift in Sources */,
				62BC8ECA295F790300849207 /* MainView.swift in Sources */,
				62BC8EC8295F790300849207 /* SmoreNmoreApp.swift in Sources */,
			);
			runOnlyForDeploymentPostprocessing = 0;
		};
/* End PBXSourcesBuildPhase section */

/* Begin XCBuildConfiguration section */
		62BC8ED0295F790400849207 /* Debug */ = {
			isa = XCBuildConfiguration;
			buildSettings = {
				ALWAYS_SEARCH_USER_PATHS = NO;
				CLANG_ANALYZER_NONNULL = YES;
				CLANG_ANALYZER_NUMBER_OBJECT_CONVERSION = YES_AGGRESSIVE;
				CLANG_CXX_LANGUAGE_STANDARD = "gnu++20";
				CLANG_ENABLE_MODULES = YES;
				CLANG_ENABLE_OBJC_ARC = YES;
				CLANG_ENABLE_OBJC_WEAK = YES;
				CLANG_WARN_BLOCK_CAPTURE_AUTORELEASING = YES;
				CLANG_WARN_BOOL_CONVERSION = YES;
				CLANG_WARN_COMMA = YES;
				CLANG_WARN_CONSTANT_CONVERSION = YES;
				CLANG_WARN_DEPRECATED_OBJC_IMPLEMENTATIONS = YES;
				CLANG_WARN_DIRECT_OBJC_ISA_USAGE = YES_ERROR;
				CLANG_WARN_DOCUMENTATION_COMMENTS = YES;
				CLANG_WARN_EMPTY_BODY = YES;
				CLANG_WARN_ENUM_CONVERSION = YES;
				CLANG_WARN_INFINITE_RECURSION = YES;
				CLANG_WARN_INT_CONVERSION = YES;
				CLANG_WARN_NON_LITERAL_NULL_CONVERSION = YES;
				CLANG_WARN_OBJC_IMPLICIT_RETAIN_SELF = YES;
				CLANG_WARN_OBJC_LITERAL_CONVERSION = YES;
				CLANG_WARN_OBJC_ROOT_CLASS = YES_ERROR;
				CLANG_WARN_QUOTED_INCLUDE_IN_FRAMEWORK_HEADER = YES;
				CLANG_WARN_RANGE_LOOP_ANALYSIS = YES;
				CLANG_WARN_STRICT_PROTOTYPES = YES;
				CLANG_WARN_SUSPICIOUS_MOVE = YES;
				CLANG_WARN_UNGUARDED_AVAILABILITY = YES_AGGRESSIVE;
				CLANG_WARN_UNREACHABLE_CODE = YES;
				CLANG_WARN__DUPLICATE_METHOD_MATCH = YES;
				COPY_PHASE_STRIP = NO;
				DEBUG_INFORMATION_FORMAT = dwarf;
				ENABLE_STRICT_OBJC_MSGSEND = YES;
				ENABLE_TESTABILITY = YES;
				GCC_C_LANGUAGE_STANDARD = gnu11;
				GCC_DYNAMIC_NO_PIC = NO;
				GCC_NO_COMMON_BLOCKS = YES;
				GCC_OPTIMIZATION_LEVEL = 0;
				GCC_PREPROCESSOR_DEFINITIONS = (
					"DEBUG=1",
					"$(inherited)",
				);
				GCC_WARN_64_TO_32_BIT_CONVERSION = YES;
				GCC_WARN_ABOUT_RETURN_TYPE = YES_ERROR;
				GCC_WARN_UNDECLARED_SELECTOR = YES;
				GCC_WARN_UNINITIALIZED_AUTOS = YES_AGGRESSIVE;
				GCC_WARN_UNUSED_FUNCTION = YES;
				GCC_WARN_UNUSED_VARIABLE = YES;
				IPHONEOS_DEPLOYMENT_TARGET = 16.2;
				MTL_ENABLE_DEBUG_INFO = INCLUDE_SOURCE;
				MTL_FAST_MATH = YES;
				ONLY_ACTIVE_ARCH = YES;
				SDKROOT = iphoneos;
				SWIFT_ACTIVE_COMPILATION_CONDITIONS = DEBUG;
				SWIFT_OPTIMIZATION_LEVEL = "-Onone";
			};
			name = Debug;
		};
		62BC8ED1295F790400849207 /* Release */ = {
			isa = XCBuildConfiguration;
			buildSettings = {
				ALWAYS_SEARCH_USER_PATHS = NO;
				CLANG_ANALYZER_NONNULL = YES;
				CLANG_ANALYZER_NUMBER_OBJECT_CONVERSION = YES_AGGRESSIVE;
				CLANG_CXX_LANGUAGE_STANDARD = "gnu++20";
				CLANG_ENABLE_MODULES = YES;
				CLANG_ENABLE_OBJC_ARC = YES;
				CLANG_ENABLE_OBJC_WEAK = YES;
				CLANG_WARN_BLOCK_CAPTURE_AUTORELEASING = YES;
				CLANG_WARN_BOOL_CONVERSION = YES;
				CLANG_WARN_COMMA = YES;
				CLANG_WARN_CONSTANT_CONVERSION = YES;
				CLANG_WARN_DEPRECATED_OBJC_IMPLEMENTATIONS = YES;
				CLANG_WARN_DIRECT_OBJC_ISA_USAGE = YES_ERROR;
				CLANG_WARN_DOCUMENTATION_COMMENTS = YES;
				CLANG_WARN_EMPTY_BODY = YES;
				CLANG_WARN_ENUM_CONVERSION = YES;
				CLANG_WARN_INFINITE_RECURSION = YES;
				CLANG_WARN_INT_CONVERSION = YES;
				CLANG_WARN_NON_LITERAL_NULL_CONVERSION = YES;
				CLANG_WARN_OBJC_IMPLICIT_RETAIN_SELF = YES;
				CLANG_WARN_OBJC_LITERAL_CONVERSION = YES;
				CLANG_WARN_OBJC_ROOT_CLASS = YES_ERROR;
				CLANG_WARN_QUOTED_INCLUDE_IN_FRAMEWORK_HEADER = YES;
				CLANG_WARN_RANGE_LOOP_ANALYSIS = YES;
				CLANG_WARN_STRICT_PROTOTYPES = YES;
				CLANG_WARN_SUSPICIOUS_MOVE = YES;
				CLANG_WARN_UNGUARDED_AVAILABILITY = YES_AGGRESSIVE;
				CLANG_WARN_UNREACHABLE_CODE = YES;
				CLANG_WARN__DUPLICATE_METHOD_MATCH = YES;
				COPY_PHASE_STRIP = NO;
				DEBUG_INFORMATION_FORMAT = "dwarf-with-dsym";
				ENABLE_NS_ASSERTIONS = NO;
				ENABLE_STRICT_OBJC_MSGSEND = YES;
				GCC_C_LANGUAGE_STANDARD = gnu11;
				GCC_NO_COMMON_BLOCKS = YES;
				GCC_WARN_64_TO_32_BIT_CONVERSION = YES;
				GCC_WARN_ABOUT_RETURN_TYPE = YES_ERROR;
				GCC_WARN_UNDECLARED_SELECTOR = YES;
				GCC_WARN_UNINITIALIZED_AUTOS = YES_AGGRESSIVE;
				GCC_WARN_UNUSED_FUNCTION = YES;
				GCC_WARN_UNUSED_VARIABLE = YES;
				IPHONEOS_DEPLOYMENT_TARGET = 16.2;
				MTL_ENABLE_DEBUG_INFO = NO;
				MTL_FAST_MATH = YES;
				SDKROOT = iphoneos;
				SWIFT_COMPILATION_MODE = wholemodule;
				SWIFT_OPTIMIZATION_LEVEL = "-O";
				VALIDATE_PRODUCT = YES;
			};
			name = Release;
		};
		62BC8ED3295F790400849207 /* Debug */ = {
			isa = XCBuildConfiguration;
			buildSettings = {
				ASSETCATALOG_COMPILER_APPICON_NAME = AppIcon;
				ASSETCATALOG_COMPILER_GLOBAL_ACCENT_COLOR_NAME = AccentColor;
				CODE_SIGN_STYLE = Automatic;
				CURRENT_PROJECT_VERSION = 1;
				DEVELOPMENT_ASSET_PATHS = "\"SmoreNmore/Launch/Preview Content\"";
				DEVELOPMENT_TEAM = MG5SW9CY8D;
				ENABLE_PREVIEWS = YES;
				GENERATE_INFOPLIST_FILE = YES;
				INFOPLIST_KEY_UIApplicationSceneManifest_Generation = YES;
				INFOPLIST_KEY_UIApplicationSupportsIndirectInputEvents = YES;
				INFOPLIST_KEY_UILaunchScreen_Generation = YES;
				INFOPLIST_KEY_UISupportedInterfaceOrientations_iPad = "UIInterfaceOrientationPortrait UIInterfaceOrientationPortraitUpsideDown UIInterfaceOrientationLandscapeLeft UIInterfaceOrientationLandscapeRight";
				INFOPLIST_KEY_UISupportedInterfaceOrientations_iPhone = "UIInterfaceOrientationPortrait UIInterfaceOrientationLandscapeLeft UIInterfaceOrientationLandscapeRight";
				LD_RUNPATH_SEARCH_PATHS = (
					"$(inherited)",
					"@executable_path/Frameworks",
				);
				MARKETING_VERSION = 1.0;
				PRODUCT_BUNDLE_IDENTIFIER = com.dimsumthinking.SmoreNmore;
				PRODUCT_NAME = "$(TARGET_NAME)";
				SWIFT_EMIT_LOC_STRINGS = YES;
				SWIFT_VERSION = 5.0;
				TARGETED_DEVICE_FAMILY = "1,2";
			};
			name = Debug;
		};
		62BC8ED4295F790400849207 /* Release */ = {
			isa = XCBuildConfiguration;
			buildSettings = {
				ASSETCATALOG_COMPILER_APPICON_NAME = AppIcon;
				ASSETCATALOG_COMPILER_GLOBAL_ACCENT_COLOR_NAME = AccentColor;
				CODE_SIGN_STYLE = Automatic;
				CURRENT_PROJECT_VERSION = 1;
				DEVELOPMENT_ASSET_PATHS = "\"SmoreNmore/Launch/Preview Content\"";
				DEVELOPMENT_TEAM = MG5SW9CY8D;
				ENABLE_PREVIEWS = YES;
				GENERATE_INFOPLIST_FILE = YES;
				INFOPLIST_KEY_UIApplicationSceneManifest_Generation = YES;
				INFOPLIST_KEY_UIApplicationSupportsIndirectInputEvents = YES;
				INFOPLIST_KEY_UILaunchScreen_Generation = YES;
				INFOPLIST_KEY_UISupportedInterfaceOrientations_iPad = "UIInterfaceOrientationPortrait UIInterfaceOrientationPortraitUpsideDown UIInterfaceOrientationLandscapeLeft UIInterfaceOrientationLandscapeRight";
				INFOPLIST_KEY_UISupportedInterfaceOrientations_iPhone = "UIInterfaceOrientationPortrait UIInterfaceOrientationLandscapeLeft UIInterfaceOrientationLandscapeRight";
				LD_RUNPATH_SEARCH_PATHS = (
					"$(inherited)",
					"@executable_path/Frameworks",
				);
				MARKETING_VERSION = 1.0;
				PRODUCT_BUNDLE_IDENTIFIER = com.dimsumthinking.SmoreNmore;
				PRODUCT_NAME = "$(TARGET_NAME)";
				SWIFT_EMIT_LOC_STRINGS = YES;
				SWIFT_VERSION = 5.0;
				TARGETED_DEVICE_FAMILY = "1,2";
			};
			name = Release;
		};
/* End XCBuildConfiguration section */

/* Begin XCConfigurationList section */
		62BC8EBF295F790300849207 /* Build configuration list for PBXProject "SmoreNmore" */ = {
			isa = XCConfigurationList;
			buildConfigurations = (
				62BC8ED0295F790400849207 /* Debug */,
				62BC8ED1295F790400849207 /* Release */,
			);
			defaultConfigurationIsVisible = 0;
			defaultConfigurationName = Release;
		};
		62BC8ED2295F790400849207 /* Build configuration list for PBXNativeTarget "SmoreNmore" */ = {
			isa = XCConfigurationList;
			buildConfigurations = (
				62BC8ED3295F790400849207 /* Debug */,
				62BC8ED4295F790400849207 /* Release */,
			);
			defaultConfigurationIsVisible = 0;
			defaultConfigurationName = Release;
		};
/* End XCConfigurationList section */

/* Begin XCRemoteSwiftPackageReference section */
		6235CF4729638BEC00E9F482 /* XCRemoteSwiftPackageReference "swift-async-algorithms" */ = {
			isa = XCRemoteSwiftPackageReference;
			repositoryURL = "https://github.com/apple/swift-async-algorithms";
			requirement = {
				kind = upToNextMajorVersion;
				minimumVersion = 0.0.3;
			};
		};
/* End XCRemoteSwiftPackageReference section */

/* Begin XCSwiftPackageProductDependency section */
		6235CF4829638BEC00E9F482 /* AsyncAlgorithms */ = {
			isa = XCSwiftPackageProductDependency;
			package = 6235CF4729638BEC00E9F482 /* XCRemoteSwiftPackageReference "swift-async-algorithms" */;
			productName = AsyncAlgorithms;
		};
/* End XCSwiftPackageProductDependency section */
	};
	rootObject = 62BC8EBC295F790300849207 /* Project object */;
}
