// !$*UTF8*$!
{
	archiveVersion = 1;
	classes = {
	};
	objectVersion = 56;
	objects = {

/* Begin PBXBuildFile section */
		62401F00293BA0DD007B3ECD /* Entry.swift in Sources */ = {isa = PBXBuildFile; fileRef = 62401EFF293BA0DD007B3ECD /* Entry.swift */; };
		62401F02293BA12A007B3ECD /* EntryController.swift in Sources */ = {isa = PBXBuildFile; fileRef = 62401F01293BA12A007B3ECD /* EntryController.swift */; };
		62401F04293BA1AA007B3ECD /* DelegateWrapper.swift in Sources */ = {isa = PBXBuildFile; fileRef = 62401F03293BA1AA007B3ECD /* DelegateWrapper.swift */; };
		62401F06293BA1B4007B3ECD /* ClosureWrapper.swift in Sources */ = {isa = PBXBuildFile; fileRef = 62401F05293BA1B4007B3ECD /* ClosureWrapper.swift */; };
		62401F08293BA1BE007B3ECD /* URLSessionWrapper.swift in Sources */ = {isa = PBXBuildFile; fileRef = 62401F07293BA1BE007B3ECD /* URLSessionWrapper.swift */; };
		624BC30A293B8E06007434E7 /* ContinuationsApp.swift in Sources */ = {isa = PBXBuildFile; fileRef = 624BC309293B8E06007434E7 /* ContinuationsApp.swift */; };
		624BC30C293B8E06007434E7 /* MainView.swift in Sources */ = {isa = PBXBuildFile; fileRef = 624BC30B293B8E06007434E7 /* MainView.swift */; };
		624BC30E293B8E07007434E7 /* Assets.xcassets in Resources */ = {isa = PBXBuildFile; fileRef = 624BC30D293B8E07007434E7 /* Assets.xcassets */; };
		624BC311293B8E07007434E7 /* Preview Assets.xcassets in Resources */ = {isa = PBXBuildFile; fileRef = 624BC310293B8E07007434E7 /* Preview Assets.xcassets */; };
/* End PBXBuildFile section */

/* Begin PBXFileReference section */
		62401EFF293BA0DD007B3ECD /* Entry.swift */ = {isa = PBXFileReference; lastKnownFileType = sourcecode.swift; path = Entry.swift; sourceTree = "<group>"; };
		62401F01293BA12A007B3ECD /* EntryController.swift */ = {isa = PBXFileReference; lastKnownFileType = sourcecode.swift; path = EntryController.swift; sourceTree = "<group>"; };
		62401F03293BA1AA007B3ECD /* DelegateWrapper.swift */ = {isa = PBXFileReference; lastKnownFileType = sourcecode.swift; path = DelegateWrapper.swift; sourceTree = "<group>"; };
		62401F05293BA1B4007B3ECD /* ClosureWrapper.swift */ = {isa = PBXFileReference; lastKnownFileType = sourcecode.swift; path = ClosureWrapper.swift; sourceTree = "<group>"; };
		62401F07293BA1BE007B3ECD /* URLSessionWrapper.swift */ = {isa = PBXFileReference; lastKnownFileType = sourcecode.swift; path = URLSessionWrapper.swift; sourceTree = "<group>"; };
		62401F0A293BA287007B3ECD /* DelegateSupport */ = {isa = PBXFileReference; lastKnownFileType = wrapper; name = DelegateSupport; path = ../DelegateSupport; sourceTree = "<group>"; };
		62401F0B293BA292007B3ECD /* ClosureSupport */ = {isa = PBXFileReference; lastKnownFileType = wrapper; name = ClosureSupport; path = ../ClosureSupport; sourceTree = "<group>"; };
		62401F0C293BA29C007B3ECD /* URLSessionSupport */ = {isa = PBXFileReference; lastKnownFileType = wrapper; name = URLSessionSupport; path = ../URLSessionSupport; sourceTree = "<group>"; };
		624BC306293B8E06007434E7 /* Continuations.app */ = {isa = PBXFileReference; explicitFileType = wrapper.application; includeInIndex = 0; path = Continuations.app; sourceTree = BUILT_PRODUCTS_DIR; };
		624BC309293B8E06007434E7 /* ContinuationsApp.swift */ = {isa = PBXFileReference; lastKnownFileType = sourcecode.swift; path = ContinuationsApp.swift; sourceTree = "<group>"; };
		624BC30B293B8E06007434E7 /* MainView.swift */ = {isa = PBXFileReference; lastKnownFileType = sourcecode.swift; path = MainView.swift; sourceTree = "<group>"; };
		624BC30D293B8E07007434E7 /* Assets.xcassets */ = {isa = PBXFileReference; lastKnownFileType = folder.assetcatalog; path = Assets.xcassets; sourceTree = "<group>"; };
		624BC310293B8E07007434E7 /* Preview Assets.xcassets */ = {isa = PBXFileReference; lastKnownFileType = folder.assetcatalog; path = "Preview Assets.xcassets"; sourceTree = "<group>"; };
/* End PBXFileReference section */

/* Begin PBXFrameworksBuildPhase section */
		624BC303293B8E06007434E7 /* Frameworks */ = {
			isa = PBXFrameworksBuildPhase;
			buildActionMask = 2147483647;
			files = (
			);
			runOnlyForDeploymentPostprocessing = 0;
		};
/* End PBXFrameworksBuildPhase section */

/* Begin PBXGroup section */
		62401EFA293B9F8D007B3ECD /* Wrappers */ = {
			isa = PBXGroup;
			children = (
				62401F03293BA1AA007B3ECD /* DelegateWrapper.swift */,
				62401F05293BA1B4007B3ECD /* ClosureWrapper.swift */,
				62401F07293BA1BE007B3ECD /* URLSessionWrapper.swift */,
			);
			path = Wrappers;
			sourceTree = "<group>";
		};
		62401EFB293B9FA2007B3ECD /* ViewModel */ = {
			isa = PBXGroup;
			children = (
				62401F01293BA12A007B3ECD /* EntryController.swift */,
			);
			path = ViewModel;
			sourceTree = "<group>";
		};
		62401EFC293B9FB4007B3ECD /* Model */ = {
			isa = PBXGroup;
			children = (
				62401EFF293BA0DD007B3ECD /* Entry.swift */,
			);
			path = Model;
			sourceTree = "<group>";
		};
		62401EFD293B9FC0007B3ECD /* View */ = {
			isa = PBXGroup;
			children = (
				624BC30B293B8E06007434E7 /* MainView.swift */,
			);
			path = View;
			sourceTree = "<group>";
		};
		62401EFE293B9FC8007B3ECD /* Launch */ = {
			isa = PBXGroup;
			children = (
				624BC309293B8E06007434E7 /* ContinuationsApp.swift */,
				624BC30D293B8E07007434E7 /* Assets.xcassets */,
				624BC30F293B8E07007434E7 /* Preview Content */,
			);
			path = Launch;
			sourceTree = "<group>";
		};
		62401F09293BA287007B3ECD /* Packages */ = {
			isa = PBXGroup;
			children = (
				62401F0A293BA287007B3ECD /* DelegateSupport */,
				62401F0B293BA292007B3ECD /* ClosureSupport */,
				62401F0C293BA29C007B3ECD /* URLSessionSupport */,
			);
			name = Packages;
			sourceTree = "<group>";
		};
		624BC2FD293B8E06007434E7 = {
			isa = PBXGroup;
			children = (
				62401F09293BA287007B3ECD /* Packages */,
				624BC308293B8E06007434E7 /* Continuations */,
				624BC307293B8E06007434E7 /* Products */,
			);
			sourceTree = "<group>";
		};
		624BC307293B8E06007434E7 /* Products */ = {
			isa = PBXGroup;
			children = (
				624BC306293B8E06007434E7 /* Continuations.app */,
			);
			name = Products;
			sourceTree = "<group>";
		};
		624BC308293B8E06007434E7 /* Continuations */ = {
			isa = PBXGroup;
			children = (
				62401EFE293B9FC8007B3ECD /* Launch */,
				62401EFC293B9FB4007B3ECD /* Model */,
				62401EFD293B9FC0007B3ECD /* View */,
				62401EFB293B9FA2007B3ECD /* ViewModel */,
				62401EFA293B9F8D007B3ECD /* Wrappers */,
			);
			path = Continuations;
			sourceTree = "<group>";
		};
		624BC30F293B8E07007434E7 /* Preview Content */ = {
			isa = PBXGroup;
			children = (
				624BC310293B8E07007434E7 /* Preview Assets.xcassets */,
			);
			path = "Preview Content";
			sourceTree = "<group>";
		};
/* End PBXGroup section */

/* Begin PBXNativeTarget section */
		624BC305293B8E06007434E7 /* Continuations */ = {
			isa = PBXNativeTarget;
			buildConfigurationList = 624BC314293B8E07007434E7 /* Build configuration list for PBXNativeTarget "Continuations" */;
			buildPhases = (
				624BC302293B8E06007434E7 /* Sources */,
				624BC303293B8E06007434E7 /* Frameworks */,
				624BC304293B8E06007434E7 /* Resources */,
			);
			buildRules = (
			);
			dependencies = (
			);
			name = Continuations;
			productName = Continuations;
			productReference = 624BC306293B8E06007434E7 /* Continuations.app */;
			productType = "com.apple.product-type.application";
		};
/* End PBXNativeTarget section */

/* Begin PBXProject section */
		624BC2FE293B8E06007434E7 /* Project object */ = {
			isa = PBXProject;
			attributes = {
				BuildIndependentTargetsInParallel = 1;
				LastSwiftUpdateCheck = 1410;
				LastUpgradeCheck = 1410;
				TargetAttributes = {
					624BC305293B8E06007434E7 = {
						CreatedOnToolsVersion = 14.1;
					};
				};
			};
			buildConfigurationList = 624BC301293B8E06007434E7 /* Build configuration list for PBXProject "Continuations" */;
			compatibilityVersion = "Xcode 14.0";
			developmentRegion = en;
			hasScannedForEncodings = 0;
			knownRegions = (
				en,
				Base,
			);
			mainGroup = 624BC2FD293B8E06007434E7;
			productRefGroup = 624BC307293B8E06007434E7 /* Products */;
			projectDirPath = "";
			projectRoot = "";
			targets = (
				624BC305293B8E06007434E7 /* Continuations */,
			);
		};
/* End PBXProject section */

/* Begin PBXResourcesBuildPhase section */
		624BC304293B8E06007434E7 /* Resources */ = {
			isa = PBXResourcesBuildPhase;
			buildActionMask = 2147483647;
			files = (
				624BC311293B8E07007434E7 /* Preview Assets.xcassets in Resources */,
				624BC30E293B8E07007434E7 /* Assets.xcassets in Resources */,
			);
			runOnlyForDeploymentPostprocessing = 0;
		};
/* End PBXResourcesBuildPhase section */

/* Begin PBXSourcesBuildPhase section */
		624BC302293B8E06007434E7 /* Sources */ = {
			isa = PBXSourcesBuildPhase;
			buildActionMask = 2147483647;
			files = (
				62401F00293BA0DD007B3ECD /* Entry.swift in Sources */,
				62401F06293BA1B4007B3ECD /* ClosureWrapper.swift in Sources */,
				624BC30C293B8E06007434E7 /* MainView.swift in Sources */,
				62401F08293BA1BE007B3ECD /* URLSessionWrapper.swift in Sources */,
				62401F02293BA12A007B3ECD /* EntryController.swift in Sources */,
				624BC30A293B8E06007434E7 /* ContinuationsApp.swift in Sources */,
				62401F04293BA1AA007B3ECD /* DelegateWrapper.swift in Sources */,
			);
			runOnlyForDeploymentPostprocessing = 0;
		};
/* End PBXSourcesBuildPhase section */

/* Begin XCBuildConfiguration section */
		624BC312293B8E07007434E7 /* Debug */ = {
			isa = XCBuildConfiguration;
			buildSettings = {
				ALWAYS_SEARCH_USER_PATHS = NO;
				CLANG_ANALYZER_NONNULL = YES;
				CLANG_ANALYZER_NUMBER_OBJECT_CONVERSION = YES_AGGRESSIVE;
				CLANG_CXX_LANGUAGE_STANDARD = "gnu++20";
				CLANG_ENABLE_MODULES = YES;
				CLANG_ENABLE_OBJC_ARC = YES;
				CLANG_ENABLE_OBJC_WEAK = YES;
				CLANG_WARN_BLOCK_CAPTURE_AUTORELEASING = YES;
				CLANG_WARN_BOOL_CONVERSION = YES;
				CLANG_WARN_COMMA = YES;
				CLANG_WARN_CONSTANT_CONVERSION = YES;
				CLANG_WARN_DEPRECATED_OBJC_IMPLEMENTATIONS = YES;
				CLANG_WARN_DIRECT_OBJC_ISA_USAGE = YES_ERROR;
				CLANG_WARN_DOCUMENTATION_COMMENTS = YES;
				CLANG_WARN_EMPTY_BODY = YES;
				CLANG_WARN_ENUM_CONVERSION = YES;
				CLANG_WARN_INFINITE_RECURSION = YES;
				CLANG_WARN_INT_CONVERSION = YES;
				CLANG_WARN_NON_LITERAL_NULL_CONVERSION = YES;
				CLANG_WARN_OBJC_IMPLICIT_RETAIN_SELF = YES;
				CLANG_WARN_OBJC_LITERAL_CONVERSION = YES;
				CLANG_WARN_OBJC_ROOT_CLASS = YES_ERROR;
				CLANG_WARN_QUOTED_INCLUDE_IN_FRAMEWORK_HEADER = YES;
				CLANG_WARN_RANGE_LOOP_ANALYSIS = YES;
				CLANG_WARN_STRICT_PROTOTYPES = YES;
				CLANG_WARN_SUSPICIOUS_MOVE = YES;
				CLANG_WARN_UNGUARDED_AVAILABILITY = YES_AGGRESSIVE;
				CLANG_WARN_UNREACHABLE_CODE = YES;
				CLANG_WARN__DUPLICATE_METHOD_MATCH = YES;
				COPY_PHASE_STRIP = NO;
				DEBUG_INFORMATION_FORMAT = dwarf;
				ENABLE_STRICT_OBJC_MSGSEND = YES;
				ENABLE_TESTABILITY = YES;
				GCC_C_LANGUAGE_STANDARD = gnu11;
				GCC_DYNAMIC_NO_PIC = NO;
				GCC_NO_COMMON_BLOCKS = YES;
				GCC_OPTIMIZATION_LEVEL = 0;
				GCC_PREPROCESSOR_DEFINITIONS = (
					"DEBUG=1",
					"$(inherited)",
				);
				GCC_WARN_64_TO_32_BIT_CONVERSION = YES;
				GCC_WARN_ABOUT_RETURN_TYPE = YES_ERROR;
				GCC_WARN_UNDECLARED_SELECTOR = YES;
				GCC_WARN_UNINITIALIZED_AUTOS = YES_AGGRESSIVE;
				GCC_WARN_UNUSED_FUNCTION = YES;
				GCC_WARN_UNUSED_VARIABLE = YES;
				IPHONEOS_DEPLOYMENT_TARGET = 16.1;
				MTL_ENABLE_DEBUG_INFO = INCLUDE_SOURCE;
				MTL_FAST_MATH = YES;
				ONLY_ACTIVE_ARCH = YES;
				SDKROOT = iphoneos;
				SWIFT_ACTIVE_COMPILATION_CONDITIONS = DEBUG;
				SWIFT_OPTIMIZATION_LEVEL = "-Onone";
			};
			name = Debug;
		};
		624BC313293B8E07007434E7 /* Release */ = {
			isa = XCBuildConfiguration;
			buildSettings = {
				ALWAYS_SEARCH_USER_PATHS = NO;
				CLANG_ANALYZER_NONNULL = YES;
				CLANG_ANALYZER_NUMBER_OBJECT_CONVERSION = YES_AGGRESSIVE;
				CLANG_CXX_LANGUAGE_STANDARD = "gnu++20";
				CLANG_ENABLE_MODULES = YES;
				CLANG_ENABLE_OBJC_ARC = YES;
				CLANG_ENABLE_OBJC_WEAK = YES;
				CLANG_WARN_BLOCK_CAPTURE_AUTORELEASING = YES;
				CLANG_WARN_BOOL_CONVERSION = YES;
				CLANG_WARN_COMMA = YES;
				CLANG_WARN_CONSTANT_CONVERSION = YES;
				CLANG_WARN_DEPRECATED_OBJC_IMPLEMENTATIONS = YES;
				CLANG_WARN_DIRECT_OBJC_ISA_USAGE = YES_ERROR;
				CLANG_WARN_DOCUMENTATION_COMMENTS = YES;
				CLANG_WARN_EMPTY_BODY = YES;
				CLANG_WARN_ENUM_CONVERSION = YES;
				CLANG_WARN_INFINITE_RECURSION = YES;
				CLANG_WARN_INT_CONVERSION = YES;
				CLANG_WARN_NON_LITERAL_NULL_CONVERSION = YES;
				CLANG_WARN_OBJC_IMPLICIT_RETAIN_SELF = YES;
				CLANG_WARN_OBJC_LITERAL_CONVERSION = YES;
				CLANG_WARN_OBJC_ROOT_CLASS = YES_ERROR;
				CLANG_WARN_QUOTED_INCLUDE_IN_FRAMEWORK_HEADER = YES;
				CLANG_WARN_RANGE_LOOP_ANALYSIS = YES;
				CLANG_WARN_STRICT_PROTOTYPES = YES;
				CLANG_WARN_SUSPICIOUS_MOVE = YES;
				CLANG_WARN_UNGUARDED_AVAILABILITY = YES_AGGRESSIVE;
				CLANG_WARN_UNREACHABLE_CODE = YES;
				CLANG_WARN__DUPLICATE_METHOD_MATCH = YES;
				COPY_PHASE_STRIP = NO;
				DEBUG_INFORMATION_FORMAT = "dwarf-with-dsym";
				ENABLE_NS_ASSERTIONS = NO;
				ENABLE_STRICT_OBJC_MSGSEND = YES;
				GCC_C_LANGUAGE_STANDARD = gnu11;
				GCC_NO_COMMON_BLOCKS = YES;
				GCC_WARN_64_TO_32_BIT_CONVERSION = YES;
				GCC_WARN_ABOUT_RETURN_TYPE = YES_ERROR;
				GCC_WARN_UNDECLARED_SELECTOR = YES;
				GCC_WARN_UNINITIALIZED_AUTOS = YES_AGGRESSIVE;
				GCC_WARN_UNUSED_FUNCTION = YES;
				GCC_WARN_UNUSED_VARIABLE = YES;
				IPHONEOS_DEPLOYMENT_TARGET = 16.1;
				MTL_ENABLE_DEBUG_INFO = NO;
				MTL_FAST_MATH = YES;
				SDKROOT = iphoneos;
				SWIFT_COMPILATION_MODE = wholemodule;
				SWIFT_OPTIMIZATION_LEVEL = "-O";
				VALIDATE_PRODUCT = YES;
			};
			name = Release;
		};
		624BC315293B8E07007434E7 /* Debug */ = {
			isa = XCBuildConfiguration;
			buildSettings = {
				ASSETCATALOG_COMPILER_APPICON_NAME = AppIcon;
				ASSETCATALOG_COMPILER_GLOBAL_ACCENT_COLOR_NAME = AccentColor;
				CODE_SIGN_STYLE = Automatic;
				CURRENT_PROJECT_VERSION = 1;
				DEVELOPMENT_ASSET_PATHS = "\"Continuations/Launch/Preview Content\"";
				DEVELOPMENT_TEAM = MG5SW9CY8D;
				ENABLE_PREVIEWS = YES;
				GENERATE_INFOPLIST_FILE = YES;
				INFOPLIST_KEY_UIApplicationSceneManifest_Generation = YES;
				INFOPLIST_KEY_UIApplicationSupportsIndirectInputEvents = YES;
				INFOPLIST_KEY_UILaunchScreen_Generation = YES;
				INFOPLIST_KEY_UISupportedInterfaceOrientations_iPad = "UIInterfaceOrientationPortrait UIInterfaceOrientationPortraitUpsideDown UIInterfaceOrientationLandscapeLeft UIInterfaceOrientationLandscapeRight";
				INFOPLIST_KEY_UISupportedInterfaceOrientations_iPhone = "UIInterfaceOrientationPortrait UIInterfaceOrientationLandscapeLeft UIInterfaceOrientationLandscapeRight";
				LD_RUNPATH_SEARCH_PATHS = (
					"$(inherited)",
					"@executable_path/Frameworks",
				);
				MARKETING_VERSION = 1.0;
				PRODUCT_BUNDLE_IDENTIFIER = com.dimsumthinking.Continuations;
				PRODUCT_NAME = "$(TARGET_NAME)";
				SWIFT_EMIT_LOC_STRINGS = YES;
				SWIFT_VERSION = 5.0;
				TARGETED_DEVICE_FAMILY = "1,2";
			};
			name = Debug;
		};
		624BC316293B8E07007434E7 /* Release */ = {
			isa = XCBuildConfiguration;
			buildSettings = {
				ASSETCATALOG_COMPILER_APPICON_NAME = AppIcon;
				ASSETCATALOG_COMPILER_GLOBAL_ACCENT_COLOR_NAME = AccentColor;
				CODE_SIGN_STYLE = Automatic;
				CURRENT_PROJECT_VERSION = 1;
				DEVELOPMENT_ASSET_PATHS = "\"Continuations/Launch/Preview Content\"";
				DEVELOPMENT_TEAM = MG5SW9CY8D;
				ENABLE_PREVIEWS = YES;
				GENERATE_INFOPLIST_FILE = YES;
				INFOPLIST_KEY_UIApplicationSceneManifest_Generation = YES;
				INFOPLIST_KEY_UIApplicationSupportsIndirectInputEvents = YES;
				INFOPLIST_KEY_UILaunchScreen_Generation = YES;
				INFOPLIST_KEY_UISupportedInterfaceOrientations_iPad = "UIInterfaceOrientationPortrait UIInterfaceOrientationPortraitUpsideDown UIInterfaceOrientationLandscapeLeft UIInterfaceOrientationLandscapeRight";
				INFOPLIST_KEY_UISupportedInterfaceOrientations_iPhone = "UIInterfaceOrientationPortrait UIInterfaceOrientationLandscapeLeft UIInterfaceOrientationLandscapeRight";
				LD_RUNPATH_SEARCH_PATHS = (
					"$(inherited)",
					"@executable_path/Frameworks",
				);
				MARKETING_VERSION = 1.0;
				PRODUCT_BUNDLE_IDENTIFIER = com.dimsumthinking.Continuations;
				PRODUCT_NAME = "$(TARGET_NAME)";
				SWIFT_EMIT_LOC_STRINGS = YES;
				SWIFT_VERSION = 5.0;
				TARGETED_DEVICE_FAMILY = "1,2";
			};
			name = Release;
		};
/* End XCBuildConfiguration section */

/* Begin XCConfigurationList section */
		624BC301293B8E06007434E7 /* Build configuration list for PBXProject "Continuations" */ = {
			isa = XCConfigurationList;
			buildConfigurations = (
				624BC312293B8E07007434E7 /* Debug */,
				624BC313293B8E07007434E7 /* Release */,
			);
			defaultConfigurationIsVisible = 0;
			defaultConfigurationName = Release;
		};
		624BC314293B8E07007434E7 /* Build configuration list for PBXNativeTarget "Continuations" */ = {
			isa = XCConfigurationList;
			buildConfigurations = (
				624BC315293B8E07007434E7 /* Debug */,
				624BC316293B8E07007434E7 /* Release */,
			);
			defaultConfigurationIsVisible = 0;
			defaultConfigurationName = Release;
		};
/* End XCConfigurationList section */
	};
	rootObject = 624BC2FE293B8E06007434E7 /* Project object */;
}
