// !$*UTF8*$!
{
	archiveVersion = 1;
	classes = {
	};
	objectVersion = 56;
	objects = {

/* Begin PBXBuildFile section */
		62E3DF52296BBEAE00BD2448 /* ProgressMonitor.swift in Sources */ = {isa = PBXBuildFile; fileRef = 62E3DF51296BBEAE00BD2448 /* ProgressMonitor.swift */; };
		62E71CF3296515AC0099CC8D /* AppIconsApp.swift in Sources */ = {isa = PBXBuildFile; fileRef = 62E71CF2296515AC0099CC8D /* AppIconsApp.swift */; };
		62E71CF5296515AC0099CC8D /* MainView.swift in Sources */ = {isa = PBXBuildFile; fileRef = 62E71CF4296515AC0099CC8D /* MainView.swift */; };
		62E71CF7296515AD0099CC8D /* Assets.xcassets in Resources */ = {isa = PBXBuildFile; fileRef = 62E71CF6296515AD0099CC8D /* Assets.xcassets */; };
		62E71CFA296515AD0099CC8D /* Preview Assets.xcassets in Resources */ = {isa = PBXBuildFile; fileRef = 62E71CF9296515AD0099CC8D /* Preview Assets.xcassets */; };
		62E71D05296517980099CC8D /* IconView.swift in Sources */ = {isa = PBXBuildFile; fileRef = 62E71D04296517980099CC8D /* IconView.swift */; };
		62E71D07296519A80099CC8D /* SearchField.swift in Sources */ = {isa = PBXBuildFile; fileRef = 62E71D06296519A80099CC8D /* SearchField.swift */; };
		62E71D0929651C770099CC8D /* AppStore.swift in Sources */ = {isa = PBXBuildFile; fileRef = 62E71D0829651C770099CC8D /* AppStore.swift */; };
		62E71D0B29651F2E0099CC8D /* IconGrid.swift in Sources */ = {isa = PBXBuildFile; fileRef = 62E71D0A29651F2E0099CC8D /* IconGrid.swift */; };
		62E71D0D2965215F0099CC8D /* AppInfo.swift in Sources */ = {isa = PBXBuildFile; fileRef = 62E71D0C2965215F0099CC8D /* AppInfo.swift */; };
		62E71D0F2965216C0099CC8D /* SearchResults.swift in Sources */ = {isa = PBXBuildFile; fileRef = 62E71D0E2965216C0099CC8D /* SearchResults.swift */; };
		62E71D11296521800099CC8D /* iTunesURLSupport.swift in Sources */ = {isa = PBXBuildFile; fileRef = 62E71D10296521800099CC8D /* iTunesURLSupport.swift */; };
		62E71D1B29677C0A0099CC8D /* AsyncImageGrid.swift in Sources */ = {isa = PBXBuildFile; fileRef = 62E71D1A29677C0A0099CC8D /* AsyncImageGrid.swift */; };
/* End PBXBuildFile section */

/* Begin PBXFileReference section */
		62E3DF51296BBEAE00BD2448 /* ProgressMonitor.swift */ = {isa = PBXFileReference; lastKnownFileType = sourcecode.swift; path = ProgressMonitor.swift; sourceTree = "<group>"; };
		62E71CEF296515AC0099CC8D /* AppIcons.app */ = {isa = PBXFileReference; explicitFileType = wrapper.application; includeInIndex = 0; path = AppIcons.app; sourceTree = BUILT_PRODUCTS_DIR; };
		62E71CF2296515AC0099CC8D /* AppIconsApp.swift */ = {isa = PBXFileReference; lastKnownFileType = sourcecode.swift; path = AppIconsApp.swift; sourceTree = "<group>"; };
		62E71CF4296515AC0099CC8D /* MainView.swift */ = {isa = PBXFileReference; lastKnownFileType = sourcecode.swift; path = MainView.swift; sourceTree = "<group>"; };
		62E71CF6296515AD0099CC8D /* Assets.xcassets */ = {isa = PBXFileReference; lastKnownFileType = folder.assetcatalog; path = Assets.xcassets; sourceTree = "<group>"; };
		62E71CF9296515AD0099CC8D /* Preview Assets.xcassets */ = {isa = PBXFileReference; lastKnownFileType = folder.assetcatalog; path = "Preview Assets.xcassets"; sourceTree = "<group>"; };
		62E71D04296517980099CC8D /* IconView.swift */ = {isa = PBXFileReference; lastKnownFileType = sourcecode.swift; path = IconView.swift; sourceTree = "<group>"; };
		62E71D06296519A80099CC8D /* SearchField.swift */ = {isa = PBXFileReference; lastKnownFileType = sourcecode.swift; path = SearchField.swift; sourceTree = "<group>"; };
		62E71D0829651C770099CC8D /* AppStore.swift */ = {isa = PBXFileReference; lastKnownFileType = sourcecode.swift; path = AppStore.swift; sourceTree = "<group>"; };
		62E71D0A29651F2E0099CC8D /* IconGrid.swift */ = {isa = PBXFileReference; lastKnownFileType = sourcecode.swift; path = IconGrid.swift; sourceTree = "<group>"; };
		62E71D0C2965215F0099CC8D /* AppInfo.swift */ = {isa = PBXFileReference; lastKnownFileType = sourcecode.swift; path = AppInfo.swift; sourceTree = "<group>"; };
		62E71D0E2965216C0099CC8D /* SearchResults.swift */ = {isa = PBXFileReference; lastKnownFileType = sourcecode.swift; path = SearchResults.swift; sourceTree = "<group>"; };
		62E71D10296521800099CC8D /* iTunesURLSupport.swift */ = {isa = PBXFileReference; lastKnownFileType = sourcecode.swift; path = iTunesURLSupport.swift; sourceTree = "<group>"; };
		62E71D1A29677C0A0099CC8D /* AsyncImageGrid.swift */ = {isa = PBXFileReference; lastKnownFileType = sourcecode.swift; path = AsyncImageGrid.swift; sourceTree = "<group>"; };
/* End PBXFileReference section */

/* Begin PBXFrameworksBuildPhase section */
		62E71CEC296515AC0099CC8D /* Frameworks */ = {
			isa = PBXFrameworksBuildPhase;
			buildActionMask = 2147483647;
			files = (
			);
			runOnlyForDeploymentPostprocessing = 0;
		};
/* End PBXFrameworksBuildPhase section */

/* Begin PBXGroup section */
		62E71CE6296515AC0099CC8D = {
			isa = PBXGroup;
			children = (
				62E71CF1296515AC0099CC8D /* AppIcons */,
				62E71CF0296515AC0099CC8D /* Products */,
			);
			sourceTree = "<group>";
		};
		62E71CF0296515AC0099CC8D /* Products */ = {
			isa = PBXGroup;
			children = (
				62E71CEF296515AC0099CC8D /* AppIcons.app */,
			);
			name = Products;
			sourceTree = "<group>";
		};
		62E71CF1296515AC0099CC8D /* AppIcons */ = {
			isa = PBXGroup;
			children = (
				62E71D03296515F60099CC8D /* Launch */,
				62E71D02296515ED0099CC8D /* Model */,
				62E71D01296515E60099CC8D /* Views */,
				62E71D00296515DB0099CC8D /* Controllers */,
			);
			path = AppIcons;
			sourceTree = "<group>";
		};
		62E71CF8296515AD0099CC8D /* Preview Content */ = {
			isa = PBXGroup;
			children = (
				62E71CF9296515AD0099CC8D /* Preview Assets.xcassets */,
			);
			path = "Preview Content";
			sourceTree = "<group>";
		};
		62E71D00296515DB0099CC8D /* Controllers */ = {
			isa = PBXGroup;
			children = (
				62E71D0829651C770099CC8D /* AppStore.swift */,
				62E3DF51296BBEAE00BD2448 /* ProgressMonitor.swift */,
			);
			path = Controllers;
			sourceTree = "<group>";
		};
		62E71D01296515E60099CC8D /* Views */ = {
			isa = PBXGroup;
			children = (
				62E71CF4296515AC0099CC8D /* MainView.swift */,
				62E71D04296517980099CC8D /* IconView.swift */,
				62E71D06296519A80099CC8D /* SearchField.swift */,
				62E71D0A29651F2E0099CC8D /* IconGrid.swift */,
				62E71D1A29677C0A0099CC8D /* AsyncImageGrid.swift */,
			);
			path = Views;
			sourceTree = "<group>";
		};
		62E71D02296515ED0099CC8D /* Model */ = {
			isa = PBXGroup;
			children = (
				62E71D0C2965215F0099CC8D /* AppInfo.swift */,
				62E71D0E2965216C0099CC8D /* SearchResults.swift */,
				62E71D10296521800099CC8D /* iTunesURLSupport.swift */,
			);
			path = Model;
			sourceTree = "<group>";
		};
		62E71D03296515F60099CC8D /* Launch */ = {
			isa = PBXGroup;
			children = (
				62E71CF8296515AD0099CC8D /* Preview Content */,
				62E71CF6296515AD0099CC8D /* Assets.xcassets */,
				62E71CF2296515AC0099CC8D /* AppIconsApp.swift */,
			);
			path = Launch;
			sourceTree = "<group>";
		};
/* End PBXGroup section */

/* Begin PBXNativeTarget section */
		62E71CEE296515AC0099CC8D /* AppIcons */ = {
			isa = PBXNativeTarget;
			buildConfigurationList = 62E71CFD296515AD0099CC8D /* Build configuration list for PBXNativeTarget "AppIcons" */;
			buildPhases = (
				62E71CEB296515AC0099CC8D /* Sources */,
				62E71CEC296515AC0099CC8D /* Frameworks */,
				62E71CED296515AC0099CC8D /* Resources */,
			);
			buildRules = (
			);
			dependencies = (
			);
			name = AppIcons;
			productName = AppIcons;
			productReference = 62E71CEF296515AC0099CC8D /* AppIcons.app */;
			productType = "com.apple.product-type.application";
		};
/* End PBXNativeTarget section */

/* Begin PBXProject section */
		62E71CE7296515AC0099CC8D /* Project object */ = {
			isa = PBXProject;
			attributes = {
				BuildIndependentTargetsInParallel = 1;
				LastSwiftUpdateCheck = 1420;
				LastUpgradeCheck = 1420;
				TargetAttributes = {
					62E71CEE296515AC0099CC8D = {
						CreatedOnToolsVersion = 14.2;
					};
				};
			};
			buildConfigurationList = 62E71CEA296515AC0099CC8D /* Build configuration list for PBXProject "AppIcons" */;
			compatibilityVersion = "Xcode 14.0";
			developmentRegion = en;
			hasScannedForEncodings = 0;
			knownRegions = (
				en,
				Base,
			);
			mainGroup = 62E71CE6296515AC0099CC8D;
			productRefGroup = 62E71CF0296515AC0099CC8D /* Products */;
			projectDirPath = "";
			projectRoot = "";
			targets = (
				62E71CEE296515AC0099CC8D /* AppIcons */,
			);
		};
/* End PBXProject section */

/* Begin PBXResourcesBuildPhase section */
		62E71CED296515AC0099CC8D /* Resources */ = {
			isa = PBXResourcesBuildPhase;
			buildActionMask = 2147483647;
			files = (
				62E71CFA296515AD0099CC8D /* Preview Assets.xcassets in Resources */,
				62E71CF7296515AD0099CC8D /* Assets.xcassets in Resources */,
			);
			runOnlyForDeploymentPostprocessing = 0;
		};
/* End PBXResourcesBuildPhase section */

/* Begin PBXSourcesBuildPhase section */
		62E71CEB296515AC0099CC8D /* Sources */ = {
			isa = PBXSourcesBuildPhase;
			buildActionMask = 2147483647;
			files = (
				62E71D0B29651F2E0099CC8D /* IconGrid.swift in Sources */,
				62E71CF5296515AC0099CC8D /* MainView.swift in Sources */,
				62E71D0929651C770099CC8D /* AppStore.swift in Sources */,
				62E71D11296521800099CC8D /* iTunesURLSupport.swift in Sources */,
				62E3DF52296BBEAE00BD2448 /* ProgressMonitor.swift in Sources */,
				62E71D05296517980099CC8D /* IconView.swift in Sources */,
				62E71D07296519A80099CC8D /* SearchField.swift in Sources */,
				62E71D1B29677C0A0099CC8D /* AsyncImageGrid.swift in Sources */,
				62E71CF3296515AC0099CC8D /* AppIconsApp.swift in Sources */,
				62E71D0F2965216C0099CC8D /* SearchResults.swift in Sources */,
				62E71D0D2965215F0099CC8D /* AppInfo.swift in Sources */,
			);
			runOnlyForDeploymentPostprocessing = 0;
		};
/* End PBXSourcesBuildPhase section */

/* Begin XCBuildConfiguration section */
		62E71CFB296515AD0099CC8D /* Debug */ = {
			isa = XCBuildConfiguration;
			buildSettings = {
				ALWAYS_SEARCH_USER_PATHS = NO;
				CLANG_ANALYZER_NONNULL = YES;
				CLANG_ANALYZER_NUMBER_OBJECT_CONVERSION = YES_AGGRESSIVE;
				CLANG_CXX_LANGUAGE_STANDARD = "gnu++20";
				CLANG_ENABLE_MODULES = YES;
				CLANG_ENABLE_OBJC_ARC = YES;
				CLANG_ENABLE_OBJC_WEAK = YES;
				CLANG_WARN_BLOCK_CAPTURE_AUTORELEASING = YES;
				CLANG_WARN_BOOL_CONVERSION = YES;
				CLANG_WARN_COMMA = YES;
				CLANG_WARN_CONSTANT_CONVERSION = YES;
				CLANG_WARN_DEPRECATED_OBJC_IMPLEMENTATIONS = YES;
				CLANG_WARN_DIRECT_OBJC_ISA_USAGE = YES_ERROR;
				CLANG_WARN_DOCUMENTATION_COMMENTS = YES;
				CLANG_WARN_EMPTY_BODY = YES;
				CLANG_WARN_ENUM_CONVERSION = YES;
				CLANG_WARN_INFINITE_RECURSION = YES;
				CLANG_WARN_INT_CONVERSION = YES;
				CLANG_WARN_NON_LITERAL_NULL_CONVERSION = YES;
				CLANG_WARN_OBJC_IMPLICIT_RETAIN_SELF = YES;
				CLANG_WARN_OBJC_LITERAL_CONVERSION = YES;
				CLANG_WARN_OBJC_ROOT_CLASS = YES_ERROR;
				CLANG_WARN_QUOTED_INCLUDE_IN_FRAMEWORK_HEADER = YES;
				CLANG_WARN_RANGE_LOOP_ANALYSIS = YES;
				CLANG_WARN_STRICT_PROTOTYPES = YES;
				CLANG_WARN_SUSPICIOUS_MOVE = YES;
				CLANG_WARN_UNGUARDED_AVAILABILITY = YES_AGGRESSIVE;
				CLANG_WARN_UNREACHABLE_CODE = YES;
				CLANG_WARN__DUPLICATE_METHOD_MATCH = YES;
				COPY_PHASE_STRIP = NO;
				DEBUG_INFORMATION_FORMAT = dwarf;
				ENABLE_STRICT_OBJC_MSGSEND = YES;
				ENABLE_TESTABILITY = YES;
				GCC_C_LANGUAGE_STANDARD = gnu11;
				GCC_DYNAMIC_NO_PIC = NO;
				GCC_NO_COMMON_BLOCKS = YES;
				GCC_OPTIMIZATION_LEVEL = 0;
				GCC_PREPROCESSOR_DEFINITIONS = (
					"DEBUG=1",
					"$(inherited)",
				);
				GCC_WARN_64_TO_32_BIT_CONVERSION = YES;
				GCC_WARN_ABOUT_RETURN_TYPE = YES_ERROR;
				GCC_WARN_UNDECLARED_SELECTOR = YES;
				GCC_WARN_UNINITIALIZED_AUTOS = YES_AGGRESSIVE;
				GCC_WARN_UNUSED_FUNCTION = YES;
				GCC_WARN_UNUSED_VARIABLE = YES;
				IPHONEOS_DEPLOYMENT_TARGET = 16.2;
				MTL_ENABLE_DEBUG_INFO = INCLUDE_SOURCE;
				MTL_FAST_MATH = YES;
				ONLY_ACTIVE_ARCH = YES;
				SDKROOT = iphoneos;
				SWIFT_ACTIVE_COMPILATION_CONDITIONS = DEBUG;
				SWIFT_OPTIMIZATION_LEVEL = "-Onone";
			};
			name = Debug;
		};
		62E71CFC296515AD0099CC8D /* Release */ = {
			isa = XCBuildConfiguration;
			buildSettings = {
				ALWAYS_SEARCH_USER_PATHS = NO;
				CLANG_ANALYZER_NONNULL = YES;
				CLANG_ANALYZER_NUMBER_OBJECT_CONVERSION = YES_AGGRESSIVE;
				CLANG_CXX_LANGUAGE_STANDARD = "gnu++20";
				CLANG_ENABLE_MODULES = YES;
				CLANG_ENABLE_OBJC_ARC = YES;
				CLANG_ENABLE_OBJC_WEAK = YES;
				CLANG_WARN_BLOCK_CAPTURE_AUTORELEASING = YES;
				CLANG_WARN_BOOL_CONVERSION = YES;
				CLANG_WARN_COMMA = YES;
				CLANG_WARN_CONSTANT_CONVERSION = YES;
				CLANG_WARN_DEPRECATED_OBJC_IMPLEMENTATIONS = YES;
				CLANG_WARN_DIRECT_OBJC_ISA_USAGE = YES_ERROR;
				CLANG_WARN_DOCUMENTATION_COMMENTS = YES;
				CLANG_WARN_EMPTY_BODY = YES;
				CLANG_WARN_ENUM_CONVERSION = YES;
				CLANG_WARN_INFINITE_RECURSION = YES;
				CLANG_WARN_INT_CONVERSION = YES;
				CLANG_WARN_NON_LITERAL_NULL_CONVERSION = YES;
				CLANG_WARN_OBJC_IMPLICIT_RETAIN_SELF = YES;
				CLANG_WARN_OBJC_LITERAL_CONVERSION = YES;
				CLANG_WARN_OBJC_ROOT_CLASS = YES_ERROR;
				CLANG_WARN_QUOTED_INCLUDE_IN_FRAMEWORK_HEADER = YES;
				CLANG_WARN_RANGE_LOOP_ANALYSIS = YES;
				CLANG_WARN_STRICT_PROTOTYPES = YES;
				CLANG_WARN_SUSPICIOUS_MOVE = YES;
				CLANG_WARN_UNGUARDED_AVAILABILITY = YES_AGGRESSIVE;
				CLANG_WARN_UNREACHABLE_CODE = YES;
				CLANG_WARN__DUPLICATE_METHOD_MATCH = YES;
				COPY_PHASE_STRIP = NO;
				DEBUG_INFORMATION_FORMAT = "dwarf-with-dsym";
				ENABLE_NS_ASSERTIONS = NO;
				ENABLE_STRICT_OBJC_MSGSEND = YES;
				GCC_C_LANGUAGE_STANDARD = gnu11;
				GCC_NO_COMMON_BLOCKS = YES;
				GCC_WARN_64_TO_32_BIT_CONVERSION = YES;
				GCC_WARN_ABOUT_RETURN_TYPE = YES_ERROR;
				GCC_WARN_UNDECLARED_SELECTOR = YES;
				GCC_WARN_UNINITIALIZED_AUTOS = YES_AGGRESSIVE;
				GCC_WARN_UNUSED_FUNCTION = YES;
				GCC_WARN_UNUSED_VARIABLE = YES;
				IPHONEOS_DEPLOYMENT_TARGET = 16.2;
				MTL_ENABLE_DEBUG_INFO = NO;
				MTL_FAST_MATH = YES;
				SDKROOT = iphoneos;
				SWIFT_COMPILATION_MODE = wholemodule;
				SWIFT_OPTIMIZATION_LEVEL = "-O";
				VALIDATE_PRODUCT = YES;
			};
			name = Release;
		};
		62E71CFE296515AD0099CC8D /* Debug */ = {
			isa = XCBuildConfiguration;
			buildSettings = {
				ASSETCATALOG_COMPILER_APPICON_NAME = AppIcon;
				ASSETCATALOG_COMPILER_GLOBAL_ACCENT_COLOR_NAME = AccentColor;
				CODE_SIGN_STYLE = Automatic;
				CURRENT_PROJECT_VERSION = 1;
				DEVELOPMENT_ASSET_PATHS = "\"AppIcons/Launch/Preview Content\"";
				DEVELOPMENT_TEAM = MG5SW9CY8D;
				ENABLE_PREVIEWS = YES;
				GENERATE_INFOPLIST_FILE = YES;
				INFOPLIST_KEY_UIApplicationSceneManifest_Generation = YES;
				INFOPLIST_KEY_UIApplicationSupportsIndirectInputEvents = YES;
				INFOPLIST_KEY_UILaunchScreen_Generation = YES;
				INFOPLIST_KEY_UISupportedInterfaceOrientations_iPad = "UIInterfaceOrientationPortrait UIInterfaceOrientationPortraitUpsideDown UIInterfaceOrientationLandscapeLeft UIInterfaceOrientationLandscapeRight";
				INFOPLIST_KEY_UISupportedInterfaceOrientations_iPhone = "UIInterfaceOrientationPortrait UIInterfaceOrientationLandscapeLeft UIInterfaceOrientationLandscapeRight";
				LD_RUNPATH_SEARCH_PATHS = (
					"$(inherited)",
					"@executable_path/Frameworks",
				);
				MARKETING_VERSION = 1.0;
				PRODUCT_BUNDLE_IDENTIFIER = com.dimsumthinking.AppIcons;
				PRODUCT_NAME = "$(TARGET_NAME)";
				SWIFT_EMIT_LOC_STRINGS = YES;
				SWIFT_VERSION = 5.0;
				TARGETED_DEVICE_FAMILY = "1,2";
			};
			name = Debug;
		};
		62E71CFF296515AD0099CC8D /* Release */ = {
			isa = XCBuildConfiguration;
			buildSettings = {
				ASSETCATALOG_COMPILER_APPICON_NAME = AppIcon;
				ASSETCATALOG_COMPILER_GLOBAL_ACCENT_COLOR_NAME = AccentColor;
				CODE_SIGN_STYLE = Automatic;
				CURRENT_PROJECT_VERSION = 1;
				DEVELOPMENT_ASSET_PATHS = "\"AppIcons/Launch/Preview Content\"";
				DEVELOPMENT_TEAM = MG5SW9CY8D;
				ENABLE_PREVIEWS = YES;
				GENERATE_INFOPLIST_FILE = YES;
				INFOPLIST_KEY_UIApplicationSceneManifest_Generation = YES;
				INFOPLIST_KEY_UIApplicationSupportsIndirectInputEvents = YES;
				INFOPLIST_KEY_UILaunchScreen_Generation = YES;
				INFOPLIST_KEY_UISupportedInterfaceOrientations_iPad = "UIInterfaceOrientationPortrait UIInterfaceOrientationPortraitUpsideDown UIInterfaceOrientationLandscapeLeft UIInterfaceOrientationLandscapeRight";
				INFOPLIST_KEY_UISupportedInterfaceOrientations_iPhone = "UIInterfaceOrientationPortrait UIInterfaceOrientationLandscapeLeft UIInterfaceOrientationLandscapeRight";
				LD_RUNPATH_SEARCH_PATHS = (
					"$(inherited)",
					"@executable_path/Frameworks",
				);
				MARKETING_VERSION = 1.0;
				PRODUCT_BUNDLE_IDENTIFIER = com.dimsumthinking.AppIcons;
				PRODUCT_NAME = "$(TARGET_NAME)";
				SWIFT_EMIT_LOC_STRINGS = YES;
				SWIFT_VERSION = 5.0;
				TARGETED_DEVICE_FAMILY = "1,2";
			};
			name = Release;
		};
/* End XCBuildConfiguration section */

/* Begin XCConfigurationList section */
		62E71CEA296515AC0099CC8D /* Build configuration list for PBXProject "AppIcons" */ = {
			isa = XCConfigurationList;
			buildConfigurations = (
				62E71CFB296515AD0099CC8D /* Debug */,
				62E71CFC296515AD0099CC8D /* Release */,
			);
			defaultConfigurationIsVisible = 0;
			defaultConfigurationName = Release;
		};
		62E71CFD296515AD0099CC8D /* Build configuration list for PBXNativeTarget "AppIcons" */ = {
			isa = XCConfigurationList;
			buildConfigurations = (
				62E71CFE296515AD0099CC8D /* Debug */,
				62E71CFF296515AD0099CC8D /* Release */,
			);
			defaultConfigurationIsVisible = 0;
			defaultConfigurationName = Release;
		};
/* End XCConfigurationList section */
	};
	rootObject = 62E71CE7296515AC0099CC8D /* Project object */;
}
